
Microsoft Visual Studio Solution File, Format Version 12.00
# Visual Studio 15
VisualStudioVersion = 15.0.27703.2035
MinimumVisualStudioVersion = 10.0.40219.1
Project("{FAE04EC0-301F-11D3-BF4B-00C04F79EFBC}") = "CinemaFinal", "CinemaFinal\CinemaFinal.csproj", "{B2B7FD75-D55D-4C16-B3B2-42FDCE1FE38D}"
EndProject
Global
	GlobalSection(SolutionConfigurationPlatforms) = preSolution
		Debug|Any CPU = Debug|Any CPU
		Release|Any CPU = Release|Any CPU
	EndGlobalSection
	GlobalSection(ProjectConfigurationPlatforms) = postSolution
		{B2B7FD75-D55D-4C16-B3B2-42FDCE1FE38D}.Debug|Any CPU.ActiveCfg = Debug|Any CPU
		{B2B7FD75-D55D-4C16-B3B2-42FDCE1FE38D}.Debug|Any CPU.Build.0 = Debug|Any CPU
		{B2B7FD75-D55D-4C16-B3B2-42FDCE1FE38D}.Release|Any CPU.ActiveCfg = Release|Any CPU
		{B2B7FD75-D55D-4C16-B3B2-42FDCE1FE38D}.Release|Any CPU.Build.0 = Release|Any CPU
	EndGlobalSection
	GlobalSection(SolutionProperties) = preSolution
		HideSolutionNode = FALSE
	EndGlobalSection
	GlobalSection(ExtensibilityGlobals) = postSolution
		SolutionGuid = {11573B37-8164-45DD-B3B4-B576F752CF3D}
	EndGlobalSection
EndGlobal
